
Microsoft Visual Studio Solution File, Format Version 12.00
# Visual Studio Version 16
VisualStudioVersion = 16.0.29709.97
MinimumVisualStudioVersion = 10.0.40219.1
Project("{9A19103F-16F7-4668-BE54-9A1E7A4F7556}") = "SoftwareQuality", "SoftwareQuality\SoftwareQuality.csproj", "{9BD43DA6-8BF8-4EF0-B601-90FE611E3323}"
EndProject
Project("{FAE04EC0-301F-11D3-BF4B-00C04F79EFBC}") = "SoftwareQuality.Test", "SoftwareQuality.Test\SoftwareQuality.Test.csproj", "{40254757-4081-49DE-B019-8223ABB33E0E}"
	ProjectSection(ProjectDependencies) = postProject
		{9BD43DA6-8BF8-4EF0-B601-90FE611E3323} = {9BD43DA6-8BF8-4EF0-B601-90FE611E3323}
	EndProjectSection
EndProject
Global
	GlobalSection(SolutionConfigurationPlatforms) = preSolution
		Debug|Any CPU = Debug|Any CPU
		Release|Any CPU = Release|Any CPU
	EndGlobalSection
	GlobalSection(ProjectConfigurationPlatforms) = postSolution
		{9BD43DA6-8BF8-4EF0-B601-90FE611E3323}.Debug|Any CPU.ActiveCfg = Debug|Any CPU
		{9BD43DA6-8BF8-4EF0-B601-90FE611E3323}.Debug|Any CPU.Build.0 = Debug|Any CPU
		{9BD43DA6-8BF8-4EF0-B601-90FE611E3323}.Release|Any CPU.ActiveCfg = Release|Any CPU
		{9BD43DA6-8BF8-4EF0-B601-90FE611E3323}.Release|Any CPU.Build.0 = Release|Any CPU
		{40254757-4081-49DE-B019-8223ABB33E0E}.Debug|Any CPU.ActiveCfg = Debug|Any CPU
		{40254757-4081-49DE-B019-8223ABB33E0E}.Debug|Any CPU.Build.0 = Debug|Any CPU
		{40254757-4081-49DE-B019-8223ABB33E0E}.Release|Any CPU.ActiveCfg = Release|Any CPU
		{40254757-4081-49DE-B019-8223ABB33E0E}.Release|Any CPU.Build.0 = Release|Any CPU
	EndGlobalSection
	GlobalSection(SolutionProperties) = preSolution
		HideSolutionNode = FALSE
	EndGlobalSection
	GlobalSection(ExtensibilityGlobals) = postSolution
		SolutionGuid = {7953BA20-C397-4279-A620-B5986D8476F6}
	EndGlobalSection
EndGlobal
